
Microsoft Visual Studio Solution File, Format Version 12.00
# Visual Studio Version 17
VisualStudioVersion = 17.9.34728.123
MinimumVisualStudioVersion = 10.0.40219.1
Project("{FAE04EC0-301F-11D3-BF4B-00C04F79EFBC}") = "HelloWorldBasic", "HelloWorldBasic.csproj", "{0ACEE000-500B-4CDC-AE85-C786A18E18FF}"
EndProject
Global
	GlobalSection(SolutionConfigurationPlatforms) = preSolution
		Debug|Any CPU = Debug|Any CPU
		Release|Any CPU = Release|Any CPU
	EndGlobalSection
	GlobalSection(ProjectConfigurationPlatforms) = postSolution
		{0ACEE000-500B-4CDC-AE85-C786A18E18FF}.Debug|Any CPU.ActiveCfg = Debug|Any CPU
		{0ACEE000-500B-4CDC-AE85-C786A18E18FF}.Debug|Any CPU.Build.0 = Debug|Any CPU
		{0ACEE000-500B-4CDC-AE85-C786A18E18FF}.Release|Any CPU.ActiveCfg = Release|Any CPU
		{0ACEE000-500B-4CDC-AE85-C786A18E18FF}.Release|Any CPU.Build.0 = Release|Any CPU
	EndGlobalSection
	GlobalSection(SolutionProperties) = preSolution
		HideSolutionNode = FALSE
	EndGlobalSection
	GlobalSection(ExtensibilityGlobals) = postSolution
		SolutionGuid = {635B8ABE-E694-48F4-96D7-47D80B651FDA}
	EndGlobalSection
EndGlobal
